// !$*UTF8*$!
{
	archiveVersion = 1;
	classes = {
	};
	objectVersion = 46;
	objects = {

/* Begin PBXBuildFile section */
		B31B4A8A17A5FF2B0044605E /* main.c in Sources */ = {isa = PBXBuildFile; fileRef = B31B4A8917A5FF2B0044605E /* main.c */; };
		B31B4A8C17A5FF2B0044605E /* EvilTransform.1 in CopyFiles */ = {isa = PBXBuildFile; fileRef = B31B4A8B17A5FF2B0044605E /* EvilTransform.1 */; };
/* End PBXBuildFile section */

/* Begin PBXCopyFilesBuildPhase section */
		B31B4A8417A5FF2B0044605E /* CopyFiles */ = {
			isa = PBXCopyFilesBuildPhase;
			buildActionMask = 2147483647;
			dstPath = /usr/share/man/man1/;
			dstSubfolderSpec = 0;
			files = (
				B31B4A8C17A5FF2B0044605E /* EvilTransform.1 in CopyFiles */,
			);
			runOnlyForDeploymentPostprocessing = 1;
		};
/* End PBXCopyFilesBuildPhase section */

/* Begin PBXFileReference section */
		B31B4A8617A5FF2B0044605E /* EvilTransform */ = {isa = PBXFileReference; explicitFileType = "compiled.mach-o.executable"; includeInIndex = 0; path = EvilTransform; sourceTree = BUILT_PRODUCTS_DIR; };
		B31B4A8917A5FF2B0044605E /* main.c */ = {isa = PBXFileReference; lastKnownFileType = sourcecode.c.c; path = main.c; sourceTree = "<group>"; };
		B31B4A8B17A5FF2B0044605E /* EvilTransform.1 */ = {isa = PBXFileReference; lastKnownFileType = text.man; path = EvilTransform.1; sourceTree = "<group>"; };
/* End PBXFileReference section */

/* Begin PBXFrameworksBuildPhase section */
		B31B4A8317A5FF2B0044605E /* Frameworks */ = {
			isa = PBXFrameworksBuildPhase;
			buildActionMask = 2147483647;
			files = (
			);
			runOnlyForDeploymentPostprocessing = 0;
		};
/* End PBXFrameworksBuildPhase section */

/* Begin PBXGroup section */
		B31B4A7D17A5FF2B0044605E = {
			isa = PBXGroup;
			children = (
				B31B4A8817A5FF2B0044605E /* EvilTransform */,
				B31B4A8717A5FF2B0044605E /* Products */,
			);
			sourceTree = "<group>";
		};
		B31B4A8717A5FF2B0044605E /* Products */ = {
			isa = PBXGroup;
			children = (
				B31B4A8617A5FF2B0044605E /* EvilTransform */,
			);
			name = Products;
			sourceTree = "<group>";
		};
		B31B4A8817A5FF2B0044605E /* EvilTransform */ = {
			isa = PBXGroup;
			children = (
				B31B4A8917A5FF2B0044605E /* main.c */,
				B31B4A8B17A5FF2B0044605E /* EvilTransform.1 */,
			);
			path = EvilTransform;
			sourceTree = "<group>";
		};
/* End PBXGroup section */

/* Begin PBXNativeTarget section */
		B31B4A8517A5FF2B0044605E /* EvilTransform */ = {
			isa = PBXNativeTarget;
			buildConfigurationList = B31B4A8F17A5FF2B0044605E /* Build configuration list for PBXNativeTarget "EvilTransform" */;
			buildPhases = (
				B31B4A8217A5FF2B0044605E /* Sources */,
				B31B4A8317A5FF2B0044605E /* Frameworks */,
				B31B4A8417A5FF2B0044605E /* CopyFiles */,
			);
			buildRules = (
			);
			dependencies = (
			);
			name = EvilTransform;
			productName = EvilTransform;
			productReference = B31B4A8617A5FF2B0044605E /* EvilTransform */;
			productType = "com.apple.product-type.tool";
		};
/* End PBXNativeTarget section */

/* Begin PBXProject section */
		B31B4A7E17A5FF2B0044605E /* Project object */ = {
			isa = PBXProject;
			attributes = {
				LastUpgradeCheck = 0460;
				ORGANIZATIONNAME = Leo.Chen;
			};
			buildConfigurationList = B31B4A8117A5FF2B0044605E /* Build configuration list for PBXProject "EvilTransform" */;
			compatibilityVersion = "Xcode 3.2";
			developmentRegion = English;
			hasScannedForEncodings = 0;
			knownRegions = (
				en,
			);
			mainGroup = B31B4A7D17A5FF2B0044605E;
			productRefGroup = B31B4A8717A5FF2B0044605E /* Products */;
			projectDirPath = "";
			projectRoot = "";
			targets = (
				B31B4A8517A5FF2B0044605E /* EvilTransform */,
			);
		};
/* End PBXProject section */

/* Begin PBXSourcesBuildPhase section */
		B31B4A8217A5FF2B0044605E /* Sources */ = {
			isa = PBXSourcesBuildPhase;
			buildActionMask = 2147483647;
			files = (
				B31B4A8A17A5FF2B0044605E /* main.c in Sources */,
			);
			runOnlyForDeploymentPostprocessing = 0;
		};
/* End PBXSourcesBuildPhase section */

/* Begin XCBuildConfiguration section */
		B31B4A8D17A5FF2B0044605E /* Debug */ = {
			isa = XCBuildConfiguration;
			buildSettings = {
				ALWAYS_SEARCH_USER_PATHS = NO;
				ARCHS = "$(ARCHS_STANDARD_64_BIT)";
				CLANG_CXX_LANGUAGE_STANDARD = "gnu++0x";
				CLANG_CXX_LIBRARY = "libc++";
				CLANG_WARN_CONSTANT_CONVERSION = YES;
				CLANG_WARN_EMPTY_BODY = YES;
				CLANG_WARN_ENUM_CONVERSION = YES;
				CLANG_WARN_INT_CONVERSION = YES;
				CLANG_WARN__DUPLICATE_METHOD_MATCH = YES;
				COPY_PHASE_STRIP = NO;
				GCC_C_LANGUAGE_STANDARD = gnu99;
				GCC_DYNAMIC_NO_PIC = NO;
				GCC_ENABLE_OBJC_EXCEPTIONS = YES;
				GCC_OPTIMIZATION_LEVEL = 0;
				GCC_PREPROCESSOR_DEFINITIONS = (
					"DEBUG=1",
					"$(inherited)",
				);
				GCC_SYMBOLS_PRIVATE_EXTERN = NO;
				GCC_WARN_64_TO_32_BIT_CONVERSION = YES;
				GCC_WARN_ABOUT_RETURN_TYPE = YES;
				GCC_WARN_UNINITIALIZED_AUTOS = YES;
				GCC_WARN_UNUSED_VARIABLE = YES;
				MACOSX_DEPLOYMENT_TARGET = 10.8;
				ONLY_ACTIVE_ARCH = YES;
				SDKROOT = macosx;
			};
			name = Debug;
		};
		B31B4A8E17A5FF2B0044605E /* Release */ = {
			isa = XCBuildConfiguration;
			buildSettings = {
				ALWAYS_SEARCH_USER_PATHS = NO;
				ARCHS = "$(ARCHS_STANDARD_64_BIT)";
				CLANG_CXX_LANGUAGE_STANDARD = "gnu++0x";
				CLANG_CXX_LIBRARY = "libc++";
				CLANG_WARN_CONSTANT_CONVERSION = YES;
				CLANG_WARN_EMPTY_BODY = YES;
				CLANG_WARN_ENUM_CONVERSION = YES;
				CLANG_WARN_INT_CONVERSION = YES;
				CLANG_WARN__DUPLICATE_METHOD_MATCH = YES;
				COPY_PHASE_STRIP = YES;
				DEBUG_INFORMATION_FORMAT = "dwarf-with-dsym";
				GCC_C_LANGUAGE_STANDARD = gnu99;
				GCC_ENABLE_OBJC_EXCEPTIONS = YES;
				GCC_WARN_64_TO_32_BIT_CONVERSION = YES;
				GCC_WARN_ABOUT_RETURN_TYPE = YES;
				GCC_WARN_UNINITIALIZED_AUTOS = YES;
				GCC_WARN_UNUSED_VARIABLE = YES;
				MACOSX_DEPLOYMENT_TARGET = 10.8;
				SDKROOT = macosx;
			};
			name = Release;
		};
		B31B4A9017A5FF2B0044605E /* Debug */ = {
			isa = XCBuildConfiguration;
			buildSettings = {
				PRODUCT_NAME = "$(TARGET_NAME)";
			};
			name = Debug;
		};
		B31B4A9117A5FF2B0044605E /* Release */ = {
			isa = XCBuildConfiguration;
			buildSettings = {
				PRODUCT_NAME = "$(TARGET_NAME)";
			};
			name = Release;
		};
/* End XCBuildConfiguration section */

/* Begin XCConfigurationList section */
		B31B4A8117A5FF2B0044605E /* Build configuration list for PBXProject "EvilTransform" */ = {
			isa = XCConfigurationList;
			buildConfigurations = (
				B31B4A8D17A5FF2B0044605E /* Debug */,
				B31B4A8E17A5FF2B0044605E /* Release */,
			);
			defaultConfigurationIsVisible = 0;
			defaultConfigurationName = Release;
		};
		B31B4A8F17A5FF2B0044605E /* Build configuration list for PBXNativeTarget "EvilTransform" */ = {
			isa = XCConfigurationList;
			buildConfigurations = (
				B31B4A9017A5FF2B0044605E /* Debug */,
				B31B4A9117A5FF2B0044605E /* Release */,
			);
			defaultConfigurationIsVisible = 0;
		};
/* End XCConfigurationList section */
	};
	rootObject = B31B4A7E17A5FF2B0044605E /* Project object */;
}
